
Microsoft Visual Studio Solution File, Format Version 12.00
# Visual Studio Version 17
VisualStudioVersion = 17.9.34714.143
MinimumVisualStudioVersion = 10.0.40219.1
Project("{9A19103F-16F7-4668-BE54-9A1E7A4F7556}") = "SerializerSucess", "SerializerSucess.csproj", "{172FFB55-8543-4280-9954-3F7DB0F3A818}"
EndProject
Global
	GlobalSection(SolutionConfigurationPlatforms) = preSolution
		Debug|Any CPU = Debug|Any CPU
		Release|Any CPU = Release|Any CPU
	EndGlobalSection
	GlobalSection(ProjectConfigurationPlatforms) = postSolution
		{172FFB55-8543-4280-9954-3F7DB0F3A818}.Debug|Any CPU.ActiveCfg = Debug|Any CPU
		{172FFB55-8543-4280-9954-3F7DB0F3A818}.Debug|Any CPU.Build.0 = Debug|Any CPU
		{172FFB55-8543-4280-9954-3F7DB0F3A818}.Release|Any CPU.ActiveCfg = Release|Any CPU
		{172FFB55-8543-4280-9954-3F7DB0F3A818}.Release|Any CPU.Build.0 = Release|Any CPU
	EndGlobalSection
	GlobalSection(SolutionProperties) = preSolution
		HideSolutionNode = FALSE
	EndGlobalSection
	GlobalSection(ExtensibilityGlobals) = postSolution
		SolutionGuid = {474A4650-C15D-4095-8AA5-E5B6D3F9E6CD}
	EndGlobalSection
EndGlobal
